// !$*UTF8*$!
{
	archiveVersion = 1;
	classes = {
	};
	objectVersion = 55;
	objects = {

/* Begin PBXBuildFile section */
		2201DF5F28FD25C4005D5204 /* YelpAttribution.swift in Sources */ = {isa = PBXBuildFile; fileRef = 2201DF5E28FD25C4005D5204 /* YelpAttribution.swift */; };
		2201DF6128FD2ADE005D5204 /* DashedDivider.swift in Sources */ = {isa = PBXBuildFile; fileRef = 2201DF6028FD2ADE005D5204 /* DashedDivider.swift */; };
		2208049528CA748B0009867B /* CitySightsApp.swift in Sources */ = {isa = PBXBuildFile; fileRef = 2208049428CA748B0009867B /* CitySightsApp.swift */; };
		2208049728CA748B0009867B /* LaunchView.swift in Sources */ = {isa = PBXBuildFile; fileRef = 2208049628CA748B0009867B /* LaunchView.swift */; };
		2208049928CA748C0009867B /* Assets.xcassets in Resources */ = {isa = PBXBuildFile; fileRef = 2208049828CA748C0009867B /* Assets.xcassets */; };
		2208049C28CA748C0009867B /* Preview Assets.xcassets in Resources */ = {isa = PBXBuildFile; fileRef = 2208049B28CA748C0009867B /* Preview Assets.xcassets */; };
		222F904028F6C03B00ECBD51 /* DirectionsView.swift in Sources */ = {isa = PBXBuildFile; fileRef = 222F903F28F6C03B00ECBD51 /* DirectionsView.swift */; };
		222F904228F6C10400ECBD51 /* BusinessTitle.swift in Sources */ = {isa = PBXBuildFile; fileRef = 222F904128F6C10400ECBD51 /* BusinessTitle.swift */; };
		222F904428F6CCFD00ECBD51 /* DirectionsMap.swift in Sources */ = {isa = PBXBuildFile; fileRef = 222F904328F6CCFD00ECBD51 /* DirectionsMap.swift */; };
		2255B72E28D25B7E008A4F19 /* HomeView.swift in Sources */ = {isa = PBXBuildFile; fileRef = 2255B72D28D25B7E008A4F19 /* HomeView.swift */; };
		2255B73128D26790008A4F19 /* BusinessList.swift in Sources */ = {isa = PBXBuildFile; fileRef = 2255B73028D26790008A4F19 /* BusinessList.swift */; };
		2255B73328D26CF0008A4F19 /* BusinessSectionHeader.swift in Sources */ = {isa = PBXBuildFile; fileRef = 2255B73228D26CF0008A4F19 /* BusinessSectionHeader.swift */; };
		2255B73528D26E48008A4F19 /* BusinessSection.swift in Sources */ = {isa = PBXBuildFile; fileRef = 2255B73428D26E48008A4F19 /* BusinessSection.swift */; };
		225A18CF28FC2F050041AB28 /* OnboardingView.swift in Sources */ = {isa = PBXBuildFile; fileRef = 225A18CE28FC2F050041AB28 /* OnboardingView.swift */; };
		225A18D528FC3B170041AB28 /* LocationDeniedView.swift in Sources */ = {isa = PBXBuildFile; fileRef = 225A18D428FC3B170041AB28 /* LocationDeniedView.swift */; };
		2260412828D116CF00C44F7B /* BusinessSearch.swift in Sources */ = {isa = PBXBuildFile; fileRef = 2260412728D116CF00C44F7B /* BusinessSearch.swift */; };
		229E547028CDE8E100B399AD /* ContentModel.swift in Sources */ = {isa = PBXBuildFile; fileRef = 229E546F28CDE8E100B399AD /* ContentModel.swift */; };
		22A1059328D1EEAC000A14D2 /* Constants.swift in Sources */ = {isa = PBXBuildFile; fileRef = 22A1059228D1EEAC000A14D2 /* Constants.swift */; };
		22A2BE6928D32F06000397C9 /* BusinessRow.swift in Sources */ = {isa = PBXBuildFile; fileRef = 22A2BE6828D32F06000397C9 /* BusinessRow.swift */; };
		22AED69E28D0AE4600E38FC6 /* Business.swift in Sources */ = {isa = PBXBuildFile; fileRef = 22AED69D28D0AE4500E38FC6 /* Business.swift */; };
		22E0216128D46597003B7379 /* BusinessDetail.swift in Sources */ = {isa = PBXBuildFile; fileRef = 22E0216028D46597003B7379 /* BusinessDetail.swift */; };
		22E0216428D4F9E1003B7379 /* BusinessMap.swift in Sources */ = {isa = PBXBuildFile; fileRef = 22E0216328D4F9E1003B7379 /* BusinessMap.swift */; };
/* End PBXBuildFile section */

/* Begin PBXFileReference section */
		2201DF5E28FD25C4005D5204 /* YelpAttribution.swift */ = {isa = PBXFileReference; lastKnownFileType = sourcecode.swift; path = YelpAttribution.swift; sourceTree = "<group>"; };
		2201DF6028FD2ADE005D5204 /* DashedDivider.swift */ = {isa = PBXFileReference; lastKnownFileType = sourcecode.swift; path = DashedDivider.swift; sourceTree = "<group>"; };
		2208049128CA748B0009867B /* CitySightsApp.app */ = {isa = PBXFileReference; explicitFileType = wrapper.application; includeInIndex = 0; path = CitySightsApp.app; sourceTree = BUILT_PRODUCTS_DIR; };
		2208049428CA748B0009867B /* CitySightsApp.swift */ = {isa = PBXFileReference; lastKnownFileType = sourcecode.swift; path = CitySightsApp.swift; sourceTree = "<group>"; };
		2208049628CA748B0009867B /* LaunchView.swift */ = {isa = PBXFileReference; lastKnownFileType = sourcecode.swift; path = LaunchView.swift; sourceTree = "<group>"; };
		2208049828CA748C0009867B /* Assets.xcassets */ = {isa = PBXFileReference; lastKnownFileType = folder.assetcatalog; path = Assets.xcassets; sourceTree = "<group>"; };
		2208049B28CA748C0009867B /* Preview Assets.xcassets */ = {isa = PBXFileReference; lastKnownFileType = folder.assetcatalog; path = "Preview Assets.xcassets"; sourceTree = "<group>"; };
		222F903F28F6C03B00ECBD51 /* DirectionsView.swift */ = {isa = PBXFileReference; lastKnownFileType = sourcecode.swift; path = DirectionsView.swift; sourceTree = "<group>"; };
		222F904128F6C10400ECBD51 /* BusinessTitle.swift */ = {isa = PBXFileReference; lastKnownFileType = sourcecode.swift; path = BusinessTitle.swift; sourceTree = "<group>"; };
		222F904328F6CCFD00ECBD51 /* DirectionsMap.swift */ = {isa = PBXFileReference; lastKnownFileType = sourcecode.swift; path = DirectionsMap.swift; sourceTree = "<group>"; };
		2255B72D28D25B7E008A4F19 /* HomeView.swift */ = {isa = PBXFileReference; lastKnownFileType = sourcecode.swift; path = HomeView.swift; sourceTree = "<group>"; };
		2255B73028D26790008A4F19 /* BusinessList.swift */ = {isa = PBXFileReference; lastKnownFileType = sourcecode.swift; path = BusinessList.swift; sourceTree = "<group>"; };
		2255B73228D26CF0008A4F19 /* BusinessSectionHeader.swift */ = {isa = PBXFileReference; lastKnownFileType = sourcecode.swift; path = BusinessSectionHeader.swift; sourceTree = "<group>"; };
		2255B73428D26E48008A4F19 /* BusinessSection.swift */ = {isa = PBXFileReference; lastKnownFileType = sourcecode.swift; path = BusinessSection.swift; sourceTree = "<group>"; };
		225A18CE28FC2F050041AB28 /* OnboardingView.swift */ = {isa = PBXFileReference; lastKnownFileType = sourcecode.swift; path = OnboardingView.swift; sourceTree = "<group>"; };
		225A18D428FC3B170041AB28 /* LocationDeniedView.swift */ = {isa = PBXFileReference; lastKnownFileType = sourcecode.swift; path = LocationDeniedView.swift; sourceTree = "<group>"; };
		2260412728D116CF00C44F7B /* BusinessSearch.swift */ = {isa = PBXFileReference; lastKnownFileType = sourcecode.swift; path = BusinessSearch.swift; sourceTree = "<group>"; };
		229E546F28CDE8E100B399AD /* ContentModel.swift */ = {isa = PBXFileReference; lastKnownFileType = sourcecode.swift; path = ContentModel.swift; sourceTree = "<group>"; };
		229E547128CDEDD900B399AD /* Info.plist */ = {isa = PBXFileReference; lastKnownFileType = text.plist.xml; path = Info.plist; sourceTree = "<group>"; };
		22A1059228D1EEAC000A14D2 /* Constants.swift */ = {isa = PBXFileReference; lastKnownFileType = sourcecode.swift; path = Constants.swift; sourceTree = "<group>"; };
		22A2BE6828D32F06000397C9 /* BusinessRow.swift */ = {isa = PBXFileReference; lastKnownFileType = sourcecode.swift; path = BusinessRow.swift; sourceTree = "<group>"; };
		22AED69D28D0AE4500E38FC6 /* Business.swift */ = {isa = PBXFileReference; lastKnownFileType = sourcecode.swift; path = Business.swift; sourceTree = "<group>"; };
		22B6FEAF28DD96610070C2FE /* MyLocation.gpx */ = {isa = PBXFileReference; lastKnownFileType = text.xml; path = MyLocation.gpx; sourceTree = "<group>"; };
		22E0216028D46597003B7379 /* BusinessDetail.swift */ = {isa = PBXFileReference; lastKnownFileType = sourcecode.swift; path = BusinessDetail.swift; sourceTree = "<group>"; };
		22E0216328D4F9E1003B7379 /* BusinessMap.swift */ = {isa = PBXFileReference; lastKnownFileType = sourcecode.swift; path = BusinessMap.swift; sourceTree = "<group>"; };
/* End PBXFileReference section */

/* Begin PBXFrameworksBuildPhase section */
		2208048E28CA748B0009867B /* Frameworks */ = {
			isa = PBXFrameworksBuildPhase;
			buildActionMask = 2147483647;
			files = (
			);
			runOnlyForDeploymentPostprocessing = 0;
		};
/* End PBXFrameworksBuildPhase section */

/* Begin PBXGroup section */
		2201DF5D28FD259D005D5204 /* Common */ = {
			isa = PBXGroup;
			children = (
				2201DF5E28FD25C4005D5204 /* YelpAttribution.swift */,
				2201DF6028FD2ADE005D5204 /* DashedDivider.swift */,
			);
			path = Common;
			sourceTree = "<group>";
		};
		2208048828CA748A0009867B = {
			isa = PBXGroup;
			children = (
				22B6FEAF28DD96610070C2FE /* MyLocation.gpx */,
				229E547128CDEDD900B399AD /* Info.plist */,
				2208049328CA748B0009867B /* CitySightsApp */,
				2208049228CA748B0009867B /* Products */,
			);
			sourceTree = "<group>";
		};
		2208049228CA748B0009867B /* Products */ = {
			isa = PBXGroup;
			children = (
				2208049128CA748B0009867B /* CitySightsApp.app */,
			);
			name = Products;
			sourceTree = "<group>";
		};
		2208049328CA748B0009867B /* CitySightsApp */ = {
			isa = PBXGroup;
			children = (
				2208049428CA748B0009867B /* CitySightsApp.swift */,
				220804A428CA757F0009867B /* Views */,
				220804A328CA756F0009867B /* ViewModels */,
				220804A228CA75660009867B /* Models */,
				22A1059128D1EC5D000A14D2 /* Helpers */,
				2208049828CA748C0009867B /* Assets.xcassets */,
				2208049A28CA748C0009867B /* Preview Content */,
			);
			path = CitySightsApp;
			sourceTree = "<group>";
		};
		2208049A28CA748C0009867B /* Preview Content */ = {
			isa = PBXGroup;
			children = (
				2208049B28CA748C0009867B /* Preview Assets.xcassets */,
			);
			path = "Preview Content";
			sourceTree = "<group>";
		};
		220804A228CA75660009867B /* Models */ = {
			isa = PBXGroup;
			children = (
				22AED69D28D0AE4500E38FC6 /* Business.swift */,
				2260412728D116CF00C44F7B /* BusinessSearch.swift */,
			);
			path = Models;
			sourceTree = "<group>";
		};
		220804A328CA756F0009867B /* ViewModels */ = {
			isa = PBXGroup;
			children = (
				229E546F28CDE8E100B399AD /* ContentModel.swift */,
			);
			path = ViewModels;
			sourceTree = "<group>";
		};
		220804A428CA757F0009867B /* Views */ = {
			isa = PBXGroup;
			children = (
				2208049628CA748B0009867B /* LaunchView.swift */,
				2201DF5D28FD259D005D5204 /* Common */,
				22A1059828D1FEC3000A14D2 /* Home */,
				22A1059728D1FEB2000A14D2 /* Denied */,
				22A1059628D1FEA8000A14D2 /* Onboarding */,
			);
			path = Views;
			sourceTree = "<group>";
		};
		2255B72F28D26765008A4F19 /* List */ = {
			isa = PBXGroup;
			children = (
				2255B73028D26790008A4F19 /* BusinessList.swift */,
				2255B73428D26E48008A4F19 /* BusinessSection.swift */,
				2255B73228D26CF0008A4F19 /* BusinessSectionHeader.swift */,
				22A2BE6828D32F06000397C9 /* BusinessRow.swift */,
				22E0215F28D4654E003B7379 /* Detail */,
			);
			path = List;
			sourceTree = "<group>";
		};
		22A1059128D1EC5D000A14D2 /* Helpers */ = {
			isa = PBXGroup;
			children = (
				22A1059228D1EEAC000A14D2 /* Constants.swift */,
			);
			path = Helpers;
			sourceTree = "<group>";
		};
		22A1059628D1FEA8000A14D2 /* Onboarding */ = {
			isa = PBXGroup;
			children = (
				225A18CE28FC2F050041AB28 /* OnboardingView.swift */,
			);
			path = Onboarding;
			sourceTree = "<group>";
		};
		22A1059728D1FEB2000A14D2 /* Denied */ = {
			isa = PBXGroup;
			children = (
				225A18D428FC3B170041AB28 /* LocationDeniedView.swift */,
			);
			path = Denied;
			sourceTree = "<group>";
		};
		22A1059828D1FEC3000A14D2 /* Home */ = {
			isa = PBXGroup;
			children = (
				2255B72D28D25B7E008A4F19 /* HomeView.swift */,
				22E0216228D4F986003B7379 /* Map */,
				2255B72F28D26765008A4F19 /* List */,
			);
			path = Home;
			sourceTree = "<group>";
		};
		22E0215F28D4654E003B7379 /* Detail */ = {
			isa = PBXGroup;
			children = (
				22E0216028D46597003B7379 /* BusinessDetail.swift */,
				222F903F28F6C03B00ECBD51 /* DirectionsView.swift */,
				222F904128F6C10400ECBD51 /* BusinessTitle.swift */,
			);
			path = Detail;
			sourceTree = "<group>";
		};
		22E0216228D4F986003B7379 /* Map */ = {
			isa = PBXGroup;
			children = (
				22E0216328D4F9E1003B7379 /* BusinessMap.swift */,
				222F904328F6CCFD00ECBD51 /* DirectionsMap.swift */,
			);
			path = Map;
			sourceTree = "<group>";
		};
/* End PBXGroup section */

/* Begin PBXNativeTarget section */
		2208049028CA748B0009867B /* CitySightsApp */ = {
			isa = PBXNativeTarget;
			buildConfigurationList = 2208049F28CA748C0009867B /* Build configuration list for PBXNativeTarget "CitySightsApp" */;
			buildPhases = (
				2208048D28CA748B0009867B /* Sources */,
				2208048E28CA748B0009867B /* Frameworks */,
				2208048F28CA748B0009867B /* Resources */,
			);
			buildRules = (
			);
			dependencies = (
			);
			name = CitySightsApp;
			productName = CitySightsApp;
			productReference = 2208049128CA748B0009867B /* CitySightsApp.app */;
			productType = "com.apple.product-type.application";
		};
/* End PBXNativeTarget section */

/* Begin PBXProject section */
		2208048928CA748A0009867B /* Project object */ = {
			isa = PBXProject;
			attributes = {
				BuildIndependentTargetsInParallel = 1;
				LastSwiftUpdateCheck = 1340;
				LastUpgradeCheck = 1340;
				TargetAttributes = {
					2208049028CA748B0009867B = {
						CreatedOnToolsVersion = 13.4.1;
					};
				};
			};
			buildConfigurationList = 2208048C28CA748A0009867B /* Build configuration list for PBXProject "CitySightsApp" */;
			compatibilityVersion = "Xcode 13.0";
			developmentRegion = en;
			hasScannedForEncodings = 0;
			knownRegions = (
				en,
				Base,
			);
			mainGroup = 2208048828CA748A0009867B;
			productRefGroup = 2208049228CA748B0009867B /* Products */;
			projectDirPath = "";
			projectRoot = "";
			targets = (
				2208049028CA748B0009867B /* CitySightsApp */,
			);
		};
/* End PBXProject section */

/* Begin PBXResourcesBuildPhase section */
		2208048F28CA748B0009867B /* Resources */ = {
			isa = PBXResourcesBuildPhase;
			buildActionMask = 2147483647;
			files = (
				2208049C28CA748C0009867B /* Preview Assets.xcassets in Resources */,
				2208049928CA748C0009867B /* Assets.xcassets in Resources */,
			);
			runOnlyForDeploymentPostprocessing = 0;
		};
/* End PBXResourcesBuildPhase section */

/* Begin PBXSourcesBuildPhase section */
		2208048D28CA748B0009867B /* Sources */ = {
			isa = PBXSourcesBuildPhase;
			buildActionMask = 2147483647;
			files = (
				222F904428F6CCFD00ECBD51 /* DirectionsMap.swift in Sources */,
				2208049728CA748B0009867B /* LaunchView.swift in Sources */,
				22A2BE6928D32F06000397C9 /* BusinessRow.swift in Sources */,
				222F904028F6C03B00ECBD51 /* DirectionsView.swift in Sources */,
				2255B72E28D25B7E008A4F19 /* HomeView.swift in Sources */,
				22AED69E28D0AE4600E38FC6 /* Business.swift in Sources */,
				225A18D528FC3B170041AB28 /* LocationDeniedView.swift in Sources */,
				2255B73328D26CF0008A4F19 /* BusinessSectionHeader.swift in Sources */,
				2208049528CA748B0009867B /* CitySightsApp.swift in Sources */,
				22E0216128D46597003B7379 /* BusinessDetail.swift in Sources */,
				2201DF6128FD2ADE005D5204 /* DashedDivider.swift in Sources */,
				2260412828D116CF00C44F7B /* BusinessSearch.swift in Sources */,
				222F904228F6C10400ECBD51 /* BusinessTitle.swift in Sources */,
				2255B73128D26790008A4F19 /* BusinessList.swift in Sources */,
				22E0216428D4F9E1003B7379 /* BusinessMap.swift in Sources */,
				2255B73528D26E48008A4F19 /* BusinessSection.swift in Sources */,
				2201DF5F28FD25C4005D5204 /* YelpAttribution.swift in Sources */,
				229E547028CDE8E100B399AD /* ContentModel.swift in Sources */,
				225A18CF28FC2F050041AB28 /* OnboardingView.swift in Sources */,
				22A1059328D1EEAC000A14D2 /* Constants.swift in Sources */,
			);
			runOnlyForDeploymentPostprocessing = 0;
		};
/* End PBXSourcesBuildPhase section */

/* Begin XCBuildConfiguration section */
		2208049D28CA748C0009867B /* Debug */ = {
			isa = XCBuildConfiguration;
			buildSettings = {
				ALWAYS_SEARCH_USER_PATHS = NO;
				CLANG_ANALYZER_NONNULL = YES;
				CLANG_ANALYZER_NUMBER_OBJECT_CONVERSION = YES_AGGRESSIVE;
				CLANG_CXX_LANGUAGE_STANDARD = "gnu++17";
				CLANG_ENABLE_MODULES = YES;
				CLANG_ENABLE_OBJC_ARC = YES;
				CLANG_ENABLE_OBJC_WEAK = YES;
				CLANG_WARN_BLOCK_CAPTURE_AUTORELEASING = YES;
				CLANG_WARN_BOOL_CONVERSION = YES;
				CLANG_WARN_COMMA = YES;
				CLANG_WARN_CONSTANT_CONVERSION = YES;
				CLANG_WARN_DEPRECATED_OBJC_IMPLEMENTATIONS = YES;
				CLANG_WARN_DIRECT_OBJC_ISA_USAGE = YES_ERROR;
				CLANG_WARN_DOCUMENTATION_COMMENTS = YES;
				CLANG_WARN_EMPTY_BODY = YES;
				CLANG_WARN_ENUM_CONVERSION = YES;
				CLANG_WARN_INFINITE_RECURSION = YES;
				CLANG_WARN_INT_CONVERSION = YES;
				CLANG_WARN_NON_LITERAL_NULL_CONVERSION = YES;
				CLANG_WARN_OBJC_IMPLICIT_RETAIN_SELF = YES;
				CLANG_WARN_OBJC_LITERAL_CONVERSION = YES;
				CLANG_WARN_OBJC_ROOT_CLASS = YES_ERROR;
				CLANG_WARN_QUOTED_INCLUDE_IN_FRAMEWORK_HEADER = YES;
				CLANG_WARN_RANGE_LOOP_ANALYSIS = YES;
				CLANG_WARN_STRICT_PROTOTYPES = YES;
				CLANG_WARN_SUSPICIOUS_MOVE = YES;
				CLANG_WARN_UNGUARDED_AVAILABILITY = YES_AGGRESSIVE;
				CLANG_WARN_UNREACHABLE_CODE = YES;
				CLANG_WARN__DUPLICATE_METHOD_MATCH = YES;
				COPY_PHASE_STRIP = NO;
				DEBUG_INFORMATION_FORMAT = dwarf;
				ENABLE_STRICT_OBJC_MSGSEND = YES;
				ENABLE_TESTABILITY = YES;
				GCC_C_LANGUAGE_STANDARD = gnu11;
				GCC_DYNAMIC_NO_PIC = NO;
				GCC_NO_COMMON_BLOCKS = YES;
				GCC_OPTIMIZATION_LEVEL = 0;
				GCC_PREPROCESSOR_DEFINITIONS = (
					"DEBUG=1",
					"$(inherited)",
				);
				GCC_WARN_64_TO_32_BIT_CONVERSION = YES;
				GCC_WARN_ABOUT_RETURN_TYPE = YES_ERROR;
				GCC_WARN_UNDECLARED_SELECTOR = YES;
				GCC_WARN_UNINITIALIZED_AUTOS = YES_AGGRESSIVE;
				GCC_WARN_UNUSED_FUNCTION = YES;
				GCC_WARN_UNUSED_VARIABLE = YES;
				IPHONEOS_DEPLOYMENT_TARGET = 15.5;
				MTL_ENABLE_DEBUG_INFO = INCLUDE_SOURCE;
				MTL_FAST_MATH = YES;
				ONLY_ACTIVE_ARCH = YES;
				SDKROOT = iphoneos;
				SWIFT_ACTIVE_COMPILATION_CONDITIONS = DEBUG;
				SWIFT_OPTIMIZATION_LEVEL = "-Onone";
			};
			name = Debug;
		};
		2208049E28CA748C0009867B /* Release */ = {
			isa = XCBuildConfiguration;
			buildSettings = {
				ALWAYS_SEARCH_USER_PATHS = NO;
				CLANG_ANALYZER_NONNULL = YES;
				CLANG_ANALYZER_NUMBER_OBJECT_CONVERSION = YES_AGGRESSIVE;
				CLANG_CXX_LANGUAGE_STANDARD = "gnu++17";
				CLANG_ENABLE_MODULES = YES;
				CLANG_ENABLE_OBJC_ARC = YES;
				CLANG_ENABLE_OBJC_WEAK = YES;
				CLANG_WARN_BLOCK_CAPTURE_AUTORELEASING = YES;
				CLANG_WARN_BOOL_CONVERSION = YES;
				CLANG_WARN_COMMA = YES;
				CLANG_WARN_CONSTANT_CONVERSION = YES;
				CLANG_WARN_DEPRECATED_OBJC_IMPLEMENTATIONS = YES;
				CLANG_WARN_DIRECT_OBJC_ISA_USAGE = YES_ERROR;
				CLANG_WARN_DOCUMENTATION_COMMENTS = YES;
				CLANG_WARN_EMPTY_BODY = YES;
				CLANG_WARN_ENUM_CONVERSION = YES;
				CLANG_WARN_INFINITE_RECURSION = YES;
				CLANG_WARN_INT_CONVERSION = YES;
				CLANG_WARN_NON_LITERAL_NULL_CONVERSION = YES;
				CLANG_WARN_OBJC_IMPLICIT_RETAIN_SELF = YES;
				CLANG_WARN_OBJC_LITERAL_CONVERSION = YES;
				CLANG_WARN_OBJC_ROOT_CLASS = YES_ERROR;
				CLANG_WARN_QUOTED_INCLUDE_IN_FRAMEWORK_HEADER = YES;
				CLANG_WARN_RANGE_LOOP_ANALYSIS = YES;
				CLANG_WARN_STRICT_PROTOTYPES = YES;
				CLANG_WARN_SUSPICIOUS_MOVE = YES;
				CLANG_WARN_UNGUARDED_AVAILABILITY = YES_AGGRESSIVE;
				CLANG_WARN_UNREACHABLE_CODE = YES;
				CLANG_WARN__DUPLICATE_METHOD_MATCH = YES;
				COPY_PHASE_STRIP = NO;
				DEBUG_INFORMATION_FORMAT = "dwarf-with-dsym";
				ENABLE_NS_ASSERTIONS = NO;
				ENABLE_STRICT_OBJC_MSGSEND = YES;
				GCC_C_LANGUAGE_STANDARD = gnu11;
				GCC_NO_COMMON_BLOCKS = YES;
				GCC_WARN_64_TO_32_BIT_CONVERSION = YES;
				GCC_WARN_ABOUT_RETURN_TYPE = YES_ERROR;
				GCC_WARN_UNDECLARED_SELECTOR = YES;
				GCC_WARN_UNINITIALIZED_AUTOS = YES_AGGRESSIVE;
				GCC_WARN_UNUSED_FUNCTION = YES;
				GCC_WARN_UNUSED_VARIABLE = YES;
				IPHONEOS_DEPLOYMENT_TARGET = 15.5;
				MTL_ENABLE_DEBUG_INFO = NO;
				MTL_FAST_MATH = YES;
				SDKROOT = iphoneos;
				SWIFT_COMPILATION_MODE = wholemodule;
				SWIFT_OPTIMIZATION_LEVEL = "-O";
				VALIDATE_PRODUCT = YES;
			};
			name = Release;
		};
		220804A028CA748C0009867B /* Debug */ = {
			isa = XCBuildConfiguration;
			buildSettings = {
				ASSETCATALOG_COMPILER_APPICON_NAME = AppIcon;
				ASSETCATALOG_COMPILER_GLOBAL_ACCENT_COLOR_NAME = AccentColor;
				CODE_SIGN_STYLE = Automatic;
				CURRENT_PROJECT_VERSION = 1;
				DEVELOPMENT_ASSET_PATHS = "\"CitySightsApp/Preview Content\"";
				DEVELOPMENT_TEAM = 42ZT22L985;
				ENABLE_PREVIEWS = YES;
				GENERATE_INFOPLIST_FILE = NO;
				INFOPLIST_FILE = /Users/fidanoruc/Desktop/IOS/CitySightsApp/Info.plist;
				INFOPLIST_KEY_UIApplicationSceneManifest_Generation = YES;
				INFOPLIST_KEY_UIApplicationSupportsIndirectInputEvents = YES;
				INFOPLIST_KEY_UILaunchScreen_Generation = YES;
				INFOPLIST_KEY_UISupportedInterfaceOrientations_iPad = "UIInterfaceOrientationPortrait UIInterfaceOrientationPortraitUpsideDown UIInterfaceOrientationLandscapeLeft UIInterfaceOrientationLandscapeRight";
				INFOPLIST_KEY_UISupportedInterfaceOrientations_iPhone = "UIInterfaceOrientationPortrait UIInterfaceOrientationLandscapeLeft UIInterfaceOrientationLandscapeRight";
				LD_RUNPATH_SEARCH_PATHS = (
					"$(inherited)",
					"@executable_path/Frameworks",
				);
				MARKETING_VERSION = 1.0;
				PRODUCT_BUNDLE_IDENTIFIER = co.fidanoruc.CitySightsApp;
				PRODUCT_NAME = "$(TARGET_NAME)";
				SWIFT_EMIT_LOC_STRINGS = YES;
				SWIFT_VERSION = 5.0;
				TARGETED_DEVICE_FAMILY = "1,2";
			};
			name = Debug;
		};
		220804A128CA748C0009867B /* Release */ = {
			isa = XCBuildConfiguration;
			buildSettings = {
				ASSETCATALOG_COMPILER_APPICON_NAME = AppIcon;
				ASSETCATALOG_COMPILER_GLOBAL_ACCENT_COLOR_NAME = AccentColor;
				CODE_SIGN_STYLE = Automatic;
				CURRENT_PROJECT_VERSION = 1;
				DEVELOPMENT_ASSET_PATHS = "\"CitySightsApp/Preview Content\"";
				DEVELOPMENT_TEAM = 42ZT22L985;
				ENABLE_PREVIEWS = YES;
				GENERATE_INFOPLIST_FILE = NO;
				INFOPLIST_FILE = /Users/fidanoruc/Desktop/IOS/CitySightsApp/Info.plist;
				INFOPLIST_KEY_UIApplicationSceneManifest_Generation = YES;
				INFOPLIST_KEY_UIApplicationSupportsIndirectInputEvents = YES;
				INFOPLIST_KEY_UILaunchScreen_Generation = YES;
				INFOPLIST_KEY_UISupportedInterfaceOrientations_iPad = "UIInterfaceOrientationPortrait UIInterfaceOrientationPortraitUpsideDown UIInterfaceOrientationLandscapeLeft UIInterfaceOrientationLandscapeRight";
				INFOPLIST_KEY_UISupportedInterfaceOrientations_iPhone = "UIInterfaceOrientationPortrait UIInterfaceOrientationLandscapeLeft UIInterfaceOrientationLandscapeRight";
				LD_RUNPATH_SEARCH_PATHS = (
					"$(inherited)",
					"@executable_path/Frameworks",
				);
				MARKETING_VERSION = 1.0;
				PRODUCT_BUNDLE_IDENTIFIER = co.fidanoruc.CitySightsApp;
				PRODUCT_NAME = "$(TARGET_NAME)";
				SWIFT_EMIT_LOC_STRINGS = YES;
				SWIFT_VERSION = 5.0;
				TARGETED_DEVICE_FAMILY = "1,2";
			};
			name = Release;
		};
/* End XCBuildConfiguration section */

/* Begin XCConfigurationList section */
		2208048C28CA748A0009867B /* Build configuration list for PBXProject "CitySightsApp" */ = {
			isa = XCConfigurationList;
			buildConfigurations = (
				2208049D28CA748C0009867B /* Debug */,
				2208049E28CA748C0009867B /* Release */,
			);
			defaultConfigurationIsVisible = 0;
			defaultConfigurationName = Release;
		};
		2208049F28CA748C0009867B /* Build configuration list for PBXNativeTarget "CitySightsApp" */ = {
			isa = XCConfigurationList;
			buildConfigurations = (
				220804A028CA748C0009867B /* Debug */,
				220804A128CA748C0009867B /* Release */,
			);
			defaultConfigurationIsVisible = 0;
			defaultConfigurationName = Release;
		};
/* End XCConfigurationList section */
	};
	rootObject = 2208048928CA748A0009867B /* Project object */;
}
